// !$*UTF8*$!
{
	archiveVersion = 1;
	classes = {
	};
	objectVersion = 56;
	objects = {

/* Begin PBXBuildFile section */
		411CFED82BD058BF0049AAE7 /* SPH_Project_MetalApp.swift in Sources */ = {isa = PBXBuildFile; fileRef = 411CFED72BD058BF0049AAE7 /* SPH_Project_MetalApp.swift */; };
		411CFEDA2BD058BF0049AAE7 /* ContentView.swift in Sources */ = {isa = PBXBuildFile; fileRef = 411CFED92BD058BF0049AAE7 /* ContentView.swift */; };
		411CFEDC2BD058C00049AAE7 /* Assets.xcassets in Resources */ = {isa = PBXBuildFile; fileRef = 411CFEDB2BD058C00049AAE7 /* Assets.xcassets */; };
		411CFEDF2BD058C00049AAE7 /* Preview Assets.xcassets in Resources */ = {isa = PBXBuildFile; fileRef = 411CFEDE2BD058C00049AAE7 /* Preview Assets.xcassets */; };
		411CFEE72BD058E20049AAE7 /* RayTracing.metal in Sources */ = {isa = PBXBuildFile; fileRef = 411CFEE62BD058E20049AAE7 /* RayTracing.metal */; };
		411CFEE92BD05A130049AAE7 /* SampleParticlePositions.swift in Sources */ = {isa = PBXBuildFile; fileRef = 411CFEE82BD05A130049AAE7 /* SampleParticlePositions.swift */; };
		411CFEEC2BD05AA00049AAE7 /* ParticleMovement.metal in Sources */ = {isa = PBXBuildFile; fileRef = 411CFEEB2BD05AA00049AAE7 /* ParticleMovement.metal */; };
/* End PBXBuildFile section */

/* Begin PBXFileReference section */
		411CFED42BD058BF0049AAE7 /* SPH-Project-Metal.app */ = {isa = PBXFileReference; explicitFileType = wrapper.application; includeInIndex = 0; path = "SPH-Project-Metal.app"; sourceTree = BUILT_PRODUCTS_DIR; };
		411CFED72BD058BF0049AAE7 /* SPH_Project_MetalApp.swift */ = {isa = PBXFileReference; lastKnownFileType = sourcecode.swift; path = SPH_Project_MetalApp.swift; sourceTree = "<group>"; };
		411CFED92BD058BF0049AAE7 /* ContentView.swift */ = {isa = PBXFileReference; lastKnownFileType = sourcecode.swift; path = ContentView.swift; sourceTree = "<group>"; };
		411CFEDB2BD058C00049AAE7 /* Assets.xcassets */ = {isa = PBXFileReference; lastKnownFileType = folder.assetcatalog; path = Assets.xcassets; sourceTree = "<group>"; };
		411CFEDE2BD058C00049AAE7 /* Preview Assets.xcassets */ = {isa = PBXFileReference; lastKnownFileType = folder.assetcatalog; path = "Preview Assets.xcassets"; sourceTree = "<group>"; };
		411CFEE02BD058C00049AAE7 /* SPH_Project_Metal.entitlements */ = {isa = PBXFileReference; lastKnownFileType = text.plist.entitlements; path = SPH_Project_Metal.entitlements; sourceTree = "<group>"; };
		411CFEE62BD058E20049AAE7 /* RayTracing.metal */ = {isa = PBXFileReference; lastKnownFileType = sourcecode.metal; path = RayTracing.metal; sourceTree = "<group>"; };
		411CFEE82BD05A130049AAE7 /* SampleParticlePositions.swift */ = {isa = PBXFileReference; lastKnownFileType = sourcecode.swift; path = SampleParticlePositions.swift; sourceTree = "<group>"; };
		411CFEEB2BD05AA00049AAE7 /* ParticleMovement.metal */ = {isa = PBXFileReference; lastKnownFileType = sourcecode.metal; path = ParticleMovement.metal; sourceTree = "<group>"; };
		411CFEED2BD05D430049AAE7 /* ParticleMovement.h */ = {isa = PBXFileReference; lastKnownFileType = sourcecode.c.h; path = ParticleMovement.h; sourceTree = "<group>"; };
/* End PBXFileReference section */

/* Begin PBXFrameworksBuildPhase section */
		411CFED12BD058BF0049AAE7 /* Frameworks */ = {
			isa = PBXFrameworksBuildPhase;
			buildActionMask = 2147483647;
			files = (
			);
			runOnlyForDeploymentPostprocessing = 0;
		};
/* End PBXFrameworksBuildPhase section */

/* Begin PBXGroup section */
		411CFECB2BD058BF0049AAE7 = {
			isa = PBXGroup;
			children = (
				411CFED62BD058BF0049AAE7 /* SPH-Project-Metal */,
				411CFED52BD058BF0049AAE7 /* Products */,
			);
			sourceTree = "<group>";
		};
		411CFED52BD058BF0049AAE7 /* Products */ = {
			isa = PBXGroup;
			children = (
				411CFED42BD058BF0049AAE7 /* SPH-Project-Metal.app */,
			);
			name = Products;
			sourceTree = "<group>";
		};
		411CFED62BD058BF0049AAE7 /* SPH-Project-Metal */ = {
			isa = PBXGroup;
			children = (
				411CFED72BD058BF0049AAE7 /* SPH_Project_MetalApp.swift */,
				411CFED92BD058BF0049AAE7 /* ContentView.swift */,
				411CFEE82BD05A130049AAE7 /* SampleParticlePositions.swift */,
				411CFEEA2BD05A8A0049AAE7 /* Metal */,
				411CFEDB2BD058C00049AAE7 /* Assets.xcassets */,
				411CFEE02BD058C00049AAE7 /* SPH_Project_Metal.entitlements */,
				411CFEDD2BD058C00049AAE7 /* Preview Content */,
			);
			path = "SPH-Project-Metal";
			sourceTree = "<group>";
		};
		411CFEDD2BD058C00049AAE7 /* Preview Content */ = {
			isa = PBXGroup;
			children = (
				411CFEDE2BD058C00049AAE7 /* Preview Assets.xcassets */,
			);
			path = "Preview Content";
			sourceTree = "<group>";
		};
		411CFEEA2BD05A8A0049AAE7 /* Metal */ = {
			isa = PBXGroup;
			children = (
				411CFEE62BD058E20049AAE7 /* RayTracing.metal */,
				411CFEED2BD05D430049AAE7 /* ParticleMovement.h */,
				411CFEEB2BD05AA00049AAE7 /* ParticleMovement.metal */,
			);
			path = Metal;
			sourceTree = "<group>";
		};
/* End PBXGroup section */

/* Begin PBXNativeTarget section */
		411CFED32BD058BF0049AAE7 /* SPH-Project-Metal */ = {
			isa = PBXNativeTarget;
			buildConfigurationList = 411CFEE32BD058C00049AAE7 /* Build configuration list for PBXNativeTarget "SPH-Project-Metal" */;
			buildPhases = (
				411CFED02BD058BF0049AAE7 /* Sources */,
				411CFED12BD058BF0049AAE7 /* Frameworks */,
				411CFED22BD058BF0049AAE7 /* Resources */,
			);
			buildRules = (
			);
			dependencies = (
			);
			name = "SPH-Project-Metal";
			productName = "SPH-Project-Metal";
			productReference = 411CFED42BD058BF0049AAE7 /* SPH-Project-Metal.app */;
			productType = "com.apple.product-type.application";
		};
/* End PBXNativeTarget section */

/* Begin PBXProject section */
		411CFECC2BD058BF0049AAE7 /* Project object */ = {
			isa = PBXProject;
			attributes = {
				BuildIndependentTargetsInParallel = 1;
				LastSwiftUpdateCheck = 1530;
				LastUpgradeCheck = 1530;
				TargetAttributes = {
					411CFED32BD058BF0049AAE7 = {
						CreatedOnToolsVersion = 15.3;
					};
				};
			};
			buildConfigurationList = 411CFECF2BD058BF0049AAE7 /* Build configuration list for PBXProject "SPH-Project-Metal" */;
			compatibilityVersion = "Xcode 14.0";
			developmentRegion = en;
			hasScannedForEncodings = 0;
			knownRegions = (
				en,
				Base,
			);
			mainGroup = 411CFECB2BD058BF0049AAE7;
			productRefGroup = 411CFED52BD058BF0049AAE7 /* Products */;
			projectDirPath = "";
			projectRoot = "";
			targets = (
				411CFED32BD058BF0049AAE7 /* SPH-Project-Metal */,
			);
		};
/* End PBXProject section */

/* Begin PBXResourcesBuildPhase section */
		411CFED22BD058BF0049AAE7 /* Resources */ = {
			isa = PBXResourcesBuildPhase;
			buildActionMask = 2147483647;
			files = (
				411CFEDF2BD058C00049AAE7 /* Preview Assets.xcassets in Resources */,
				411CFEDC2BD058C00049AAE7 /* Assets.xcassets in Resources */,
			);
			runOnlyForDeploymentPostprocessing = 0;
		};
/* End PBXResourcesBuildPhase section */

/* Begin PBXSourcesBuildPhase section */
		411CFED02BD058BF0049AAE7 /* Sources */ = {
			isa = PBXSourcesBuildPhase;
			buildActionMask = 2147483647;
			files = (
				411CFEDA2BD058BF0049AAE7 /* ContentView.swift in Sources */,
				411CFEE72BD058E20049AAE7 /* RayTracing.metal in Sources */,
				411CFEE92BD05A130049AAE7 /* SampleParticlePositions.swift in Sources */,
				411CFED82BD058BF0049AAE7 /* SPH_Project_MetalApp.swift in Sources */,
				411CFEEC2BD05AA00049AAE7 /* ParticleMovement.metal in Sources */,
			);
			runOnlyForDeploymentPostprocessing = 0;
		};
/* End PBXSourcesBuildPhase section */

/* Begin XCBuildConfiguration section */
		411CFEE12BD058C00049AAE7 /* Debug */ = {
			isa = XCBuildConfiguration;
			buildSettings = {
				ALWAYS_SEARCH_USER_PATHS = NO;
				ASSETCATALOG_COMPILER_GENERATE_SWIFT_ASSET_SYMBOL_EXTENSIONS = YES;
				CLANG_ANALYZER_NONNULL = YES;
				CLANG_ANALYZER_NUMBER_OBJECT_CONVERSION = YES_AGGRESSIVE;
				CLANG_CXX_LANGUAGE_STANDARD = "gnu++20";
				CLANG_ENABLE_MODULES = YES;
				CLANG_ENABLE_OBJC_ARC = YES;
				CLANG_ENABLE_OBJC_WEAK = YES;
				CLANG_WARN_BLOCK_CAPTURE_AUTORELEASING = YES;
				CLANG_WARN_BOOL_CONVERSION = YES;
				CLANG_WARN_COMMA = YES;
				CLANG_WARN_CONSTANT_CONVERSION = YES;
				CLANG_WARN_DEPRECATED_OBJC_IMPLEMENTATIONS = YES;
				CLANG_WARN_DIRECT_OBJC_ISA_USAGE = YES_ERROR;
				CLANG_WARN_DOCUMENTATION_COMMENTS = YES;
				CLANG_WARN_EMPTY_BODY = YES;
				CLANG_WARN_ENUM_CONVERSION = YES;
				CLANG_WARN_INFINITE_RECURSION = YES;
				CLANG_WARN_INT_CONVERSION = YES;
				CLANG_WARN_NON_LITERAL_NULL_CONVERSION = YES;
				CLANG_WARN_OBJC_IMPLICIT_RETAIN_SELF = YES;
				CLANG_WARN_OBJC_LITERAL_CONVERSION = YES;
				CLANG_WARN_OBJC_ROOT_CLASS = YES_ERROR;
				CLANG_WARN_QUOTED_INCLUDE_IN_FRAMEWORK_HEADER = YES;
				CLANG_WARN_RANGE_LOOP_ANALYSIS = YES;
				CLANG_WARN_STRICT_PROTOTYPES = YES;
				CLANG_WARN_SUSPICIOUS_MOVE = YES;
				CLANG_WARN_UNGUARDED_AVAILABILITY = YES_AGGRESSIVE;
				CLANG_WARN_UNREACHABLE_CODE = YES;
				CLANG_WARN__DUPLICATE_METHOD_MATCH = YES;
				COPY_PHASE_STRIP = NO;
				DEBUG_INFORMATION_FORMAT = dwarf;
				ENABLE_STRICT_OBJC_MSGSEND = YES;
				ENABLE_TESTABILITY = YES;
				ENABLE_USER_SCRIPT_SANDBOXING = YES;
				GCC_C_LANGUAGE_STANDARD = gnu17;
				GCC_DYNAMIC_NO_PIC = NO;
				GCC_NO_COMMON_BLOCKS = YES;
				GCC_OPTIMIZATION_LEVEL = 0;
				GCC_PREPROCESSOR_DEFINITIONS = (
					"DEBUG=1",
					"$(inherited)",
				);
				GCC_WARN_64_TO_32_BIT_CONVERSION = YES;
				GCC_WARN_ABOUT_RETURN_TYPE = YES_ERROR;
				GCC_WARN_UNDECLARED_SELECTOR = YES;
				GCC_WARN_UNINITIALIZED_AUTOS = YES_AGGRESSIVE;
				GCC_WARN_UNUSED_FUNCTION = YES;
				GCC_WARN_UNUSED_VARIABLE = YES;
				LOCALIZATION_PREFERS_STRING_CATALOGS = YES;
				MACOSX_DEPLOYMENT_TARGET = 14.3;
				MTL_ENABLE_DEBUG_INFO = INCLUDE_SOURCE;
				MTL_FAST_MATH = YES;
				ONLY_ACTIVE_ARCH = YES;
				SDKROOT = macosx;
				SWIFT_ACTIVE_COMPILATION_CONDITIONS = "DEBUG $(inherited)";
				SWIFT_OPTIMIZATION_LEVEL = "-Onone";
			};
			name = Debug;
		};
		411CFEE22BD058C00049AAE7 /* Release */ = {
			isa = XCBuildConfiguration;
			buildSettings = {
				ALWAYS_SEARCH_USER_PATHS = NO;
				ASSETCATALOG_COMPILER_GENERATE_SWIFT_ASSET_SYMBOL_EXTENSIONS = YES;
				CLANG_ANALYZER_NONNULL = YES;
				CLANG_ANALYZER_NUMBER_OBJECT_CONVERSION = YES_AGGRESSIVE;
				CLANG_CXX_LANGUAGE_STANDARD = "gnu++20";
				CLANG_ENABLE_MODULES = YES;
				CLANG_ENABLE_OBJC_ARC = YES;
				CLANG_ENABLE_OBJC_WEAK = YES;
				CLANG_WARN_BLOCK_CAPTURE_AUTORELEASING = YES;
				CLANG_WARN_BOOL_CONVERSION = YES;
				CLANG_WARN_COMMA = YES;
				CLANG_WARN_CONSTANT_CONVERSION = YES;
				CLANG_WARN_DEPRECATED_OBJC_IMPLEMENTATIONS = YES;
				CLANG_WARN_DIRECT_OBJC_ISA_USAGE = YES_ERROR;
				CLANG_WARN_DOCUMENTATION_COMMENTS = YES;
				CLANG_WARN_EMPTY_BODY = YES;
				CLANG_WARN_ENUM_CONVERSION = YES;
				CLANG_WARN_INFINITE_RECURSION = YES;
				CLANG_WARN_INT_CONVERSION = YES;
				CLANG_WARN_NON_LITERAL_NULL_CONVERSION = YES;
				CLANG_WARN_OBJC_IMPLICIT_RETAIN_SELF = YES;
				CLANG_WARN_OBJC_LITERAL_CONVERSION = YES;
				CLANG_WARN_OBJC_ROOT_CLASS = YES_ERROR;
				CLANG_WARN_QUOTED_INCLUDE_IN_FRAMEWORK_HEADER = YES;
				CLANG_WARN_RANGE_LOOP_ANALYSIS = YES;
				CLANG_WARN_STRICT_PROTOTYPES = YES;
				CLANG_WARN_SUSPICIOUS_MOVE = YES;
				CLANG_WARN_UNGUARDED_AVAILABILITY = YES_AGGRESSIVE;
				CLANG_WARN_UNREACHABLE_CODE = YES;
				CLANG_WARN__DUPLICATE_METHOD_MATCH = YES;
				COPY_PHASE_STRIP = NO;
				DEBUG_INFORMATION_FORMAT = "dwarf-with-dsym";
				ENABLE_NS_ASSERTIONS = NO;
				ENABLE_STRICT_OBJC_MSGSEND = YES;
				ENABLE_USER_SCRIPT_SANDBOXING = YES;
				GCC_C_LANGUAGE_STANDARD = gnu17;
				GCC_NO_COMMON_BLOCKS = YES;
				GCC_WARN_64_TO_32_BIT_CONVERSION = YES;
				GCC_WARN_ABOUT_RETURN_TYPE = YES_ERROR;
				GCC_WARN_UNDECLARED_SELECTOR = YES;
				GCC_WARN_UNINITIALIZED_AUTOS = YES_AGGRESSIVE;
				GCC_WARN_UNUSED_FUNCTION = YES;
				GCC_WARN_UNUSED_VARIABLE = YES;
				LOCALIZATION_PREFERS_STRING_CATALOGS = YES;
				MACOSX_DEPLOYMENT_TARGET = 14.3;
				MTL_ENABLE_DEBUG_INFO = NO;
				MTL_FAST_MATH = YES;
				SDKROOT = macosx;
				SWIFT_COMPILATION_MODE = wholemodule;
			};
			name = Release;
		};
		411CFEE42BD058C00049AAE7 /* Debug */ = {
			isa = XCBuildConfiguration;
			buildSettings = {
				ASSETCATALOG_COMPILER_APPICON_NAME = AppIcon;
				ASSETCATALOG_COMPILER_GLOBAL_ACCENT_COLOR_NAME = AccentColor;
				CODE_SIGN_ENTITLEMENTS = "SPH-Project-Metal/SPH_Project_Metal.entitlements";
				CODE_SIGN_STYLE = Automatic;
				COMBINE_HIDPI_IMAGES = YES;
				CURRENT_PROJECT_VERSION = 1;
				DEVELOPMENT_ASSET_PATHS = "\"SPH-Project-Metal/Preview Content\"";
				DEVELOPMENT_TEAM = X622SX6D57;
				ENABLE_HARDENED_RUNTIME = YES;
				ENABLE_PREVIEWS = YES;
				GENERATE_INFOPLIST_FILE = YES;
				INFOPLIST_KEY_NSHumanReadableCopyright = "";
				LD_RUNPATH_SEARCH_PATHS = (
					"$(inherited)",
					"@executable_path/../Frameworks",
				);
				MARKETING_VERSION = 1.0;
				PRODUCT_BUNDLE_IDENTIFIER = "BL.SPH-Project-Metal";
				PRODUCT_NAME = "$(TARGET_NAME)";
				SWIFT_EMIT_LOC_STRINGS = YES;
				SWIFT_VERSION = 5.0;
			};
			name = Debug;
		};
		411CFEE52BD058C00049AAE7 /* Release */ = {
			isa = XCBuildConfiguration;
			buildSettings = {
				ASSETCATALOG_COMPILER_APPICON_NAME = AppIcon;
				ASSETCATALOG_COMPILER_GLOBAL_ACCENT_COLOR_NAME = AccentColor;
				CODE_SIGN_ENTITLEMENTS = "SPH-Project-Metal/SPH_Project_Metal.entitlements";
				CODE_SIGN_STYLE = Automatic;
				COMBINE_HIDPI_IMAGES = YES;
				CURRENT_PROJECT_VERSION = 1;
				DEVELOPMENT_ASSET_PATHS = "\"SPH-Project-Metal/Preview Content\"";
				DEVELOPMENT_TEAM = X622SX6D57;
				ENABLE_HARDENED_RUNTIME = YES;
				ENABLE_PREVIEWS = YES;
				GENERATE_INFOPLIST_FILE = YES;
				INFOPLIST_KEY_NSHumanReadableCopyright = "";
				LD_RUNPATH_SEARCH_PATHS = (
					"$(inherited)",
					"@executable_path/../Frameworks",
				);
				MARKETING_VERSION = 1.0;
				PRODUCT_BUNDLE_IDENTIFIER = "BL.SPH-Project-Metal";
				PRODUCT_NAME = "$(TARGET_NAME)";
				SWIFT_EMIT_LOC_STRINGS = YES;
				SWIFT_VERSION = 5.0;
			};
			name = Release;
		};
/* End XCBuildConfiguration section */

/* Begin XCConfigurationList section */
		411CFECF2BD058BF0049AAE7 /* Build configuration list for PBXProject "SPH-Project-Metal" */ = {
			isa = XCConfigurationList;
			buildConfigurations = (
				411CFEE12BD058C00049AAE7 /* Debug */,
				411CFEE22BD058C00049AAE7 /* Release */,
			);
			defaultConfigurationIsVisible = 0;
			defaultConfigurationName = Release;
		};
		411CFEE32BD058C00049AAE7 /* Build configuration list for PBXNativeTarget "SPH-Project-Metal" */ = {
			isa = XCConfigurationList;
			buildConfigurations = (
				411CFEE42BD058C00049AAE7 /* Debug */,
				411CFEE52BD058C00049AAE7 /* Release */,
			);
			defaultConfigurationIsVisible = 0;
			defaultConfigurationName = Release;
		};
/* End XCConfigurationList section */
	};
	rootObject = 411CFECC2BD058BF0049AAE7 /* Project object */;
}
